
Microsoft Visual Studio Solution File, Format Version 12.00
# Visual Studio Version 16
VisualStudioVersion = 16.0.32510.428
MinimumVisualStudioVersion = 10.0.40219.1
Project("{FAE04EC0-301F-11D3-BF4B-00C04F79EFBC}") = "apiproj", "apiproj.csproj", "{73D5AA7D-C794-4230-9172-D7268A16BC02}"
EndProject
Global
	GlobalSection(SolutionConfigurationPlatforms) = preSolution
		Debug|Any CPU = Debug|Any CPU
		Release|Any CPU = Release|Any CPU
	EndGlobalSection
	GlobalSection(ProjectConfigurationPlatforms) = postSolution
		{73D5AA7D-C794-4230-9172-D7268A16BC02}.Debug|Any CPU.ActiveCfg = Debug|Any CPU
		{73D5AA7D-C794-4230-9172-D7268A16BC02}.Debug|Any CPU.Build.0 = Debug|Any CPU
		{73D5AA7D-C794-4230-9172-D7268A16BC02}.Release|Any CPU.ActiveCfg = Release|Any CPU
		{73D5AA7D-C794-4230-9172-D7268A16BC02}.Release|Any CPU.Build.0 = Release|Any CPU
	EndGlobalSection
	GlobalSection(SolutionProperties) = preSolution
		HideSolutionNode = FALSE
	EndGlobalSection
	GlobalSection(ExtensibilityGlobals) = postSolution
		SolutionGuid = {4F1A6027-C9DA-4E7A-9AE1-C9BB71D9B9C5}
	EndGlobalSection
EndGlobal
